
Microsoft Visual Studio Solution File, Format Version 12.00
# Visual Studio Version 17
VisualStudioVersion = 17.0.32112.339
MinimumVisualStudioVersion = 10.0.40219.1
Project("{9A19103F-16F7-4668-BE54-9A1E7A4F7556}") = "MWZX0D_HFT_2021222.Client", "MWZX0D_HFT_2021222.Client\MWZX0D_HFT_2021222.Client.csproj", "{D153AE9B-7F85-462E-9BB7-7B36E5B2B599}"
EndProject
Project("{9A19103F-16F7-4668-BE54-9A1E7A4F7556}") = "MWZX0D_HFT_2021222.Models", "MWZX0D_HFT_2021222.Models\MWZX0D_HFT_2021222.Models.csproj", "{EB0C9DCA-51BF-44E5-812F-539D880A2501}"
EndProject
Project("{9A19103F-16F7-4668-BE54-9A1E7A4F7556}") = "MWZX0D_HFT_2021222.Logic", "MWZX0D_HFT_2021222.Logic\MWZX0D_HFT_2021222.Logic.csproj", "{02B22AD9-DED6-432F-B58D-DE36B312F715}"
EndProject
Project("{9A19103F-16F7-4668-BE54-9A1E7A4F7556}") = "MWZX0D_HFT_2021222.Repository", "MWZX0D_HFT_2021222.Repository\MWZX0D_HFT_2021222.Repository.csproj", "{34C5FF68-0704-4536-80A4-8B86A204599C}"
EndProject
Project("{9A19103F-16F7-4668-BE54-9A1E7A4F7556}") = "MWZX0D_HFT_2021222.Test", "MWZX0D_HFT_2021222.Test\MWZX0D_HFT_2021222.Test.csproj", "{9C408548-CB23-4F25-805B-DAF667CB7506}"
EndProject
Project("{2150E333-8FDC-42A3-9474-1A3956D46DE8}") = "Backend", "Backend", "{BCA3FB42-5465-493B-908F-D3DB87F344D4}"
EndProject
Project("{2150E333-8FDC-42A3-9474-1A3956D46DE8}") = "Frontend", "Frontend", "{62839098-1409-4907-8228-B3CF76D80EC9}"
EndProject
Project("{2150E333-8FDC-42A3-9474-1A3956D46DE8}") = "Shared", "Shared", "{787080DC-41BB-481E-87E2-92D01EF50E82}"
EndProject
Project("{2150E333-8FDC-42A3-9474-1A3956D46DE8}") = "Others", "Others", "{5C29432B-48E2-4AC9-B747-D624BD3D526A}"
	ProjectSection(SolutionItems) = preProject
		.gitignore = .gitignore
	EndProjectSection
EndProject
Project("{9A19103F-16F7-4668-BE54-9A1E7A4F7556}") = "MWZX0D_HFT_2021222.Endpoint", "MWZX0D_HFT_2021222.Endpoint\MWZX0D_HFT_2021222.Endpoint.csproj", "{B2EA677D-BE0B-4761-9BC1-48EB798AC7E0}"
EndProject
Project("{9A19103F-16F7-4668-BE54-9A1E7A4F7556}") = "MWZX0D_HFT_2021222.WPFClient", "MWZX0D_HFT_2021222.WPFClient\MWZX0D_HFT_2021222.WPFClient.csproj", "{EBE238A2-F320-47AE-A402-7A8EACAF0D53}"
EndProject
Project("{FAE04EC0-301F-11D3-BF4B-00C04F79EFBC}") = "MWZX0D_HFT_2021222.JSClient", "MWZX0D_HFT_2021222.JSClient\MWZX0D_HFT_2021222.JSClient.csproj", "{F1A4DB13-3E52-40EF-8C61-3DD76FD40FE7}"
EndProject
Global
	GlobalSection(SolutionConfigurationPlatforms) = preSolution
		Debug|Any CPU = Debug|Any CPU
		Release|Any CPU = Release|Any CPU
	EndGlobalSection
	GlobalSection(ProjectConfigurationPlatforms) = postSolution
		{D153AE9B-7F85-462E-9BB7-7B36E5B2B599}.Debug|Any CPU.ActiveCfg = Debug|Any CPU
		{D153AE9B-7F85-462E-9BB7-7B36E5B2B599}.Debug|Any CPU.Build.0 = Debug|Any CPU
		{D153AE9B-7F85-462E-9BB7-7B36E5B2B599}.Release|Any CPU.ActiveCfg = Release|Any CPU
		{D153AE9B-7F85-462E-9BB7-7B36E5B2B599}.Release|Any CPU.Build.0 = Release|Any CPU
		{EB0C9DCA-51BF-44E5-812F-539D880A2501}.Debug|Any CPU.ActiveCfg = Debug|Any CPU
		{EB0C9DCA-51BF-44E5-812F-539D880A2501}.Debug|Any CPU.Build.0 = Debug|Any CPU
		{EB0C9DCA-51BF-44E5-812F-539D880A2501}.Release|Any CPU.ActiveCfg = Release|Any CPU
		{EB0C9DCA-51BF-44E5-812F-539D880A2501}.Release|Any CPU.Build.0 = Release|Any CPU
		{02B22AD9-DED6-432F-B58D-DE36B312F715}.Debug|Any CPU.ActiveCfg = Debug|Any CPU
		{02B22AD9-DED6-432F-B58D-DE36B312F715}.Debug|Any CPU.Build.0 = Debug|Any CPU
		{02B22AD9-DED6-432F-B58D-DE36B312F715}.Release|Any CPU.ActiveCfg = Release|Any CPU
		{02B22AD9-DED6-432F-B58D-DE36B312F715}.Release|Any CPU.Build.0 = Release|Any CPU
		{34C5FF68-0704-4536-80A4-8B86A204599C}.Debug|Any CPU.ActiveCfg = Debug|Any CPU
		{34C5FF68-0704-4536-80A4-8B86A204599C}.Debug|Any CPU.Build.0 = Debug|Any CPU
		{34C5FF68-0704-4536-80A4-8B86A204599C}.Release|Any CPU.ActiveCfg = Release|Any CPU
		{34C5FF68-0704-4536-80A4-8B86A204599C}.Release|Any CPU.Build.0 = Release|Any CPU
		{9C408548-CB23-4F25-805B-DAF667CB7506}.Debug|Any CPU.ActiveCfg = Debug|Any CPU
		{9C408548-CB23-4F25-805B-DAF667CB7506}.Debug|Any CPU.Build.0 = Debug|Any CPU
		{9C408548-CB23-4F25-805B-DAF667CB7506}.Release|Any CPU.ActiveCfg = Release|Any CPU
		{9C408548-CB23-4F25-805B-DAF667CB7506}.Release|Any CPU.Build.0 = Release|Any CPU
		{B2EA677D-BE0B-4761-9BC1-48EB798AC7E0}.Debug|Any CPU.ActiveCfg = Debug|Any CPU
		{B2EA677D-BE0B-4761-9BC1-48EB798AC7E0}.Debug|Any CPU.Build.0 = Debug|Any CPU
		{B2EA677D-BE0B-4761-9BC1-48EB798AC7E0}.Release|Any CPU.ActiveCfg = Release|Any CPU
		{B2EA677D-BE0B-4761-9BC1-48EB798AC7E0}.Release|Any CPU.Build.0 = Release|Any CPU
		{EBE238A2-F320-47AE-A402-7A8EACAF0D53}.Debug|Any CPU.ActiveCfg = Debug|Any CPU
		{EBE238A2-F320-47AE-A402-7A8EACAF0D53}.Debug|Any CPU.Build.0 = Debug|Any CPU
		{EBE238A2-F320-47AE-A402-7A8EACAF0D53}.Release|Any CPU.ActiveCfg = Release|Any CPU
		{EBE238A2-F320-47AE-A402-7A8EACAF0D53}.Release|Any CPU.Build.0 = Release|Any CPU
		{F1A4DB13-3E52-40EF-8C61-3DD76FD40FE7}.Debug|Any CPU.ActiveCfg = Debug|Any CPU
		{F1A4DB13-3E52-40EF-8C61-3DD76FD40FE7}.Debug|Any CPU.Build.0 = Debug|Any CPU
		{F1A4DB13-3E52-40EF-8C61-3DD76FD40FE7}.Release|Any CPU.ActiveCfg = Release|Any CPU
		{F1A4DB13-3E52-40EF-8C61-3DD76FD40FE7}.Release|Any CPU.Build.0 = Release|Any CPU
	EndGlobalSection
	GlobalSection(SolutionProperties) = preSolution
		HideSolutionNode = FALSE
	EndGlobalSection
	GlobalSection(NestedProjects) = preSolution
		{D153AE9B-7F85-462E-9BB7-7B36E5B2B599} = {62839098-1409-4907-8228-B3CF76D80EC9}
		{EB0C9DCA-51BF-44E5-812F-539D880A2501} = {787080DC-41BB-481E-87E2-92D01EF50E82}
		{02B22AD9-DED6-432F-B58D-DE36B312F715} = {BCA3FB42-5465-493B-908F-D3DB87F344D4}
		{34C5FF68-0704-4536-80A4-8B86A204599C} = {BCA3FB42-5465-493B-908F-D3DB87F344D4}
		{9C408548-CB23-4F25-805B-DAF667CB7506} = {BCA3FB42-5465-493B-908F-D3DB87F344D4}
		{B2EA677D-BE0B-4761-9BC1-48EB798AC7E0} = {BCA3FB42-5465-493B-908F-D3DB87F344D4}
		{EBE238A2-F320-47AE-A402-7A8EACAF0D53} = {62839098-1409-4907-8228-B3CF76D80EC9}
		{F1A4DB13-3E52-40EF-8C61-3DD76FD40FE7} = {62839098-1409-4907-8228-B3CF76D80EC9}
	EndGlobalSection
	GlobalSection(ExtensibilityGlobals) = postSolution
		SolutionGuid = {B5457294-4713-4440-BA88-4F9DC5A77905}
	EndGlobalSection
EndGlobal
